
Microsoft Visual Studio Solution File, Format Version 12.00
# Visual Studio Version 17
VisualStudioVersion = 17.6.33829.357
MinimumVisualStudioVersion = 10.0.40219.1
Project("{FAE04EC0-301F-11D3-BF4B-00C04F79EFBC}") = "MelonUPnP", "UPnP\MelonUPnP.csproj", "{ADB4261C-9422-4FC4-9039-6E7319376A8B}"
EndProject
Global
	GlobalSection(SolutionConfigurationPlatforms) = preSolution
		Debug|Any CPU = Debug|Any CPU
		Release|Any CPU = Release|Any CPU
	EndGlobalSection
	GlobalSection(ProjectConfigurationPlatforms) = postSolution
		{ADB4261C-9422-4FC4-9039-6E7319376A8B}.Debug|Any CPU.ActiveCfg = Debug|Any CPU
		{ADB4261C-9422-4FC4-9039-6E7319376A8B}.Debug|Any CPU.Build.0 = Debug|Any CPU
		{ADB4261C-9422-4FC4-9039-6E7319376A8B}.Release|Any CPU.ActiveCfg = Release|Any CPU
		{ADB4261C-9422-4FC4-9039-6E7319376A8B}.Release|Any CPU.Build.0 = Release|Any CPU
	EndGlobalSection
	GlobalSection(SolutionProperties) = preSolution
		HideSolutionNode = FALSE
	EndGlobalSection
	GlobalSection(ExtensibilityGlobals) = postSolution
		SolutionGuid = {FCDC717C-F546-4C39-A2F5-4570B933F8DC}
	EndGlobalSection
EndGlobal
